
Microsoft Visual Studio Solution File, Format Version 12.00
# Visual Studio Version 16
VisualStudioVersion = 16.0.31313.79
MinimumVisualStudioVersion = 10.0.40219.1
Project("{2150E333-8FDC-42A3-9474-1A3956D46DE8}") = "0-Presentation", "0-Presentation", "{4A5B17B3-6FA8-4692-A197-53EC56DB0856}"
EndProject
Project("{2150E333-8FDC-42A3-9474-1A3956D46DE8}") = "1-Application", "1-Application", "{7A1263D2-09A9-4563-A327-C987C88C6C59}"
EndProject
Project("{2150E333-8FDC-42A3-9474-1A3956D46DE8}") = "2-Domain", "2-Domain", "{A29C0BAD-595C-4843-A310-4E11E4EAE29F}"
EndProject
Project("{2150E333-8FDC-42A3-9474-1A3956D46DE8}") = "3-Infra", "3-Infra", "{1820FAF2-FB6A-4721-A2B0-9F23FA755BFD}"
EndProject
Project("{FAE04EC0-301F-11D3-BF4B-00C04F79EFBC}") = "EO.UI", "EO.UI\EO.UI.csproj", "{1B9586D3-E531-4F11-A2E9-87B4C241C5E2}"
EndProject
Project("{FAE04EC0-301F-11D3-BF4B-00C04F79EFBC}") = "EO.Application", "EO.Application\EO.Application.csproj", "{1AD1B579-E56B-4AD3-85F4-382C506F0234}"
EndProject
Project("{FAE04EC0-301F-11D3-BF4B-00C04F79EFBC}") = "EO.Domain", "EO.Domain\EO.Domain.csproj", "{73DE4110-6D20-4604-8679-6DECB74F38F6}"
EndProject
Project("{FAE04EC0-301F-11D3-BF4B-00C04F79EFBC}") = "EO.Infra", "EO.Infra\EO.Infra.csproj", "{C72F9F1A-53EA-4BEF-B350-D46DC618E1D6}"
EndProject
Global
	GlobalSection(SolutionConfigurationPlatforms) = preSolution
		Debug|Any CPU = Debug|Any CPU
		Release|Any CPU = Release|Any CPU
	EndGlobalSection
	GlobalSection(ProjectConfigurationPlatforms) = postSolution
		{1B9586D3-E531-4F11-A2E9-87B4C241C5E2}.Debug|Any CPU.ActiveCfg = Debug|Any CPU
		{1B9586D3-E531-4F11-A2E9-87B4C241C5E2}.Debug|Any CPU.Build.0 = Debug|Any CPU
		{1B9586D3-E531-4F11-A2E9-87B4C241C5E2}.Release|Any CPU.ActiveCfg = Release|Any CPU
		{1B9586D3-E531-4F11-A2E9-87B4C241C5E2}.Release|Any CPU.Build.0 = Release|Any CPU
		{1AD1B579-E56B-4AD3-85F4-382C506F0234}.Debug|Any CPU.ActiveCfg = Debug|Any CPU
		{1AD1B579-E56B-4AD3-85F4-382C506F0234}.Debug|Any CPU.Build.0 = Debug|Any CPU
		{1AD1B579-E56B-4AD3-85F4-382C506F0234}.Release|Any CPU.ActiveCfg = Release|Any CPU
		{1AD1B579-E56B-4AD3-85F4-382C506F0234}.Release|Any CPU.Build.0 = Release|Any CPU
		{73DE4110-6D20-4604-8679-6DECB74F38F6}.Debug|Any CPU.ActiveCfg = Debug|Any CPU
		{73DE4110-6D20-4604-8679-6DECB74F38F6}.Debug|Any CPU.Build.0 = Debug|Any CPU
		{73DE4110-6D20-4604-8679-6DECB74F38F6}.Release|Any CPU.ActiveCfg = Release|Any CPU
		{73DE4110-6D20-4604-8679-6DECB74F38F6}.Release|Any CPU.Build.0 = Release|Any CPU
		{C72F9F1A-53EA-4BEF-B350-D46DC618E1D6}.Debug|Any CPU.ActiveCfg = Debug|Any CPU
		{C72F9F1A-53EA-4BEF-B350-D46DC618E1D6}.Debug|Any CPU.Build.0 = Debug|Any CPU
		{C72F9F1A-53EA-4BEF-B350-D46DC618E1D6}.Release|Any CPU.ActiveCfg = Release|Any CPU
		{C72F9F1A-53EA-4BEF-B350-D46DC618E1D6}.Release|Any CPU.Build.0 = Release|Any CPU
	EndGlobalSection
	GlobalSection(SolutionProperties) = preSolution
		HideSolutionNode = FALSE
	EndGlobalSection
	GlobalSection(NestedProjects) = preSolution
		{1B9586D3-E531-4F11-A2E9-87B4C241C5E2} = {4A5B17B3-6FA8-4692-A197-53EC56DB0856}
		{1AD1B579-E56B-4AD3-85F4-382C506F0234} = {7A1263D2-09A9-4563-A327-C987C88C6C59}
		{73DE4110-6D20-4604-8679-6DECB74F38F6} = {A29C0BAD-595C-4843-A310-4E11E4EAE29F}
		{C72F9F1A-53EA-4BEF-B350-D46DC618E1D6} = {1820FAF2-FB6A-4721-A2B0-9F23FA755BFD}
	EndGlobalSection
	GlobalSection(ExtensibilityGlobals) = postSolution
		SolutionGuid = {F8942AF6-F59E-465D-A8F0-06653B333486}
	EndGlobalSection
EndGlobal
